
Microsoft Visual Studio Solution File, Format Version 12.00
# Visual Studio Version 16
VisualStudioVersion = 16.0.29215.179
MinimumVisualStudioVersion = 10.0.40219.1
Project("{FAE04EC0-301F-11D3-BF4B-00C04F79EFBC}") = "PA6", "PA6\PA6.csproj", "{019150A0-247B-4E1D-A45E-C1DE4F59F0BC}"
EndProject
Global
	GlobalSection(SolutionConfigurationPlatforms) = preSolution
		Debug|Any CPU = Debug|Any CPU
		Release|Any CPU = Release|Any CPU
	EndGlobalSection
	GlobalSection(ProjectConfigurationPlatforms) = postSolution
		{019150A0-247B-4E1D-A45E-C1DE4F59F0BC}.Debug|Any CPU.ActiveCfg = Debug|Any CPU
		{019150A0-247B-4E1D-A45E-C1DE4F59F0BC}.Debug|Any CPU.Build.0 = Debug|Any CPU
		{019150A0-247B-4E1D-A45E-C1DE4F59F0BC}.Release|Any CPU.ActiveCfg = Release|Any CPU
		{019150A0-247B-4E1D-A45E-C1DE4F59F0BC}.Release|Any CPU.Build.0 = Release|Any CPU
	EndGlobalSection
	GlobalSection(SolutionProperties) = preSolution
		HideSolutionNode = FALSE
	EndGlobalSection
	GlobalSection(ExtensibilityGlobals) = postSolution
		SolutionGuid = {0F00B7D0-9D3D-4518-B11D-6B495D70BE71}
	EndGlobalSection
EndGlobal
